
Microsoft Visual Studio Solution File, Format Version 12.00
# Visual Studio 15
VisualStudioVersion = 15.0.27130.2036
MinimumVisualStudioVersion = 10.0.40219.1
Project("{FAE04EC0-301F-11D3-BF4B-00C04F79EFBC}") = "ClassLibraryCI", "ClassLibraryCI\ClassLibraryCI.csproj", "{A8338345-B917-448A-ADEA-28FD7503B998}"
EndProject
Project("{FAE04EC0-301F-11D3-BF4B-00C04F79EFBC}") = "ClassLibraryCITests", "ClassLibraryCITests\ClassLibraryCITests.csproj", "{FDE6D6B5-C831-404F-8DCC-A3E3A7D13D5D}"
EndProject
Project("{FAE04EC0-301F-11D3-BF4B-00C04F79EFBC}") = "Soap", "Soap\Soap.csproj", "{8BE7148D-C26C-40A9-A3DF-B7946AA72EB5}"
EndProject
Project("{FAE04EC0-301F-11D3-BF4B-00C04F79EFBC}") = "SoapTests", "SoapTests\SoapTests.csproj", "{24420B17-C200-42F2-8AC7-93B58D15AE10}"
EndProject
Global
	GlobalSection(SolutionConfigurationPlatforms) = preSolution
		Debug|Any CPU = Debug|Any CPU
		Release|Any CPU = Release|Any CPU
	EndGlobalSection
	GlobalSection(ProjectConfigurationPlatforms) = postSolution
		{A8338345-B917-448A-ADEA-28FD7503B998}.Debug|Any CPU.ActiveCfg = Debug|Any CPU
		{A8338345-B917-448A-ADEA-28FD7503B998}.Debug|Any CPU.Build.0 = Debug|Any CPU
		{A8338345-B917-448A-ADEA-28FD7503B998}.Release|Any CPU.ActiveCfg = Release|Any CPU
		{A8338345-B917-448A-ADEA-28FD7503B998}.Release|Any CPU.Build.0 = Release|Any CPU
		{FDE6D6B5-C831-404F-8DCC-A3E3A7D13D5D}.Debug|Any CPU.ActiveCfg = Debug|Any CPU
		{FDE6D6B5-C831-404F-8DCC-A3E3A7D13D5D}.Debug|Any CPU.Build.0 = Debug|Any CPU
		{FDE6D6B5-C831-404F-8DCC-A3E3A7D13D5D}.Release|Any CPU.ActiveCfg = Release|Any CPU
		{FDE6D6B5-C831-404F-8DCC-A3E3A7D13D5D}.Release|Any CPU.Build.0 = Release|Any CPU
		{8BE7148D-C26C-40A9-A3DF-B7946AA72EB5}.Debug|Any CPU.ActiveCfg = Debug|Any CPU
		{8BE7148D-C26C-40A9-A3DF-B7946AA72EB5}.Debug|Any CPU.Build.0 = Debug|Any CPU
		{8BE7148D-C26C-40A9-A3DF-B7946AA72EB5}.Release|Any CPU.ActiveCfg = Release|Any CPU
		{8BE7148D-C26C-40A9-A3DF-B7946AA72EB5}.Release|Any CPU.Build.0 = Release|Any CPU
		{24420B17-C200-42F2-8AC7-93B58D15AE10}.Debug|Any CPU.ActiveCfg = Debug|Any CPU
		{24420B17-C200-42F2-8AC7-93B58D15AE10}.Debug|Any CPU.Build.0 = Debug|Any CPU
		{24420B17-C200-42F2-8AC7-93B58D15AE10}.Release|Any CPU.ActiveCfg = Release|Any CPU
		{24420B17-C200-42F2-8AC7-93B58D15AE10}.Release|Any CPU.Build.0 = Release|Any CPU
	EndGlobalSection
	GlobalSection(SolutionProperties) = preSolution
		HideSolutionNode = FALSE
	EndGlobalSection
	GlobalSection(ExtensibilityGlobals) = postSolution
		SolutionGuid = {46A33A2D-B3E6-498D-9EEC-8DA8601FA8E5}
	EndGlobalSection
EndGlobal
